{
    "name": "virmator",
    "version": "13.0.0",
    "lockfileVersion": 3,
    "requires": true,
    "packages": {
        "": {
            "name": "virmator",
            "version": "13.0.0",
            "license": "(MIT or CC0 1.0)",
            "dependencies": {
                "type-fest": "^4.22.1"
            }
        },
        "node_modules/type-fest": {
            "version": "4.22.1",
            "resolved": "https://registry.npmjs.org/type-fest/-/type-fest-4.22.1.tgz",
            "integrity": "sha512-9tHNEa0Ov81YOopiVkcCJVz5TM6AEQ+CHHjFIktqPnE3NV0AHIkx+gh9tiCl58m/66wWxkOC9eltpa75J4lQPA==",
            "license": "(MIT OR CC0-1.0)",
            "engines": {
                "node": ">=16"
            },
            "funding": {
                "url": "https://github.com/sponsors/sindresorhus"
            }
        }
    }
}
